
Microsoft Visual Studio Solution File, Format Version 12.00
# Visual Studio Version 16
VisualStudioVersion = 16.0.29102.190
MinimumVisualStudioVersion = 10.0.40219.1
Project("{FAE04EC0-301F-11D3-BF4B-00C04F79EFBC}") = "DarkSouls_Adventure", "DarkSouls_Adventure.csproj", "{E1394CE2-D5B4-4592-BD0E-1057A0AFE6D4}"
EndProject
Global
	GlobalSection(SolutionConfigurationPlatforms) = preSolution
		Debug|Any CPU = Debug|Any CPU
		Release|Any CPU = Release|Any CPU
	EndGlobalSection
	GlobalSection(ProjectConfigurationPlatforms) = postSolution
		{E1394CE2-D5B4-4592-BD0E-1057A0AFE6D4}.Debug|Any CPU.ActiveCfg = Debug|Any CPU
		{E1394CE2-D5B4-4592-BD0E-1057A0AFE6D4}.Debug|Any CPU.Build.0 = Debug|Any CPU
		{E1394CE2-D5B4-4592-BD0E-1057A0AFE6D4}.Release|Any CPU.ActiveCfg = Release|Any CPU
		{E1394CE2-D5B4-4592-BD0E-1057A0AFE6D4}.Release|Any CPU.Build.0 = Release|Any CPU
	EndGlobalSection
	GlobalSection(SolutionProperties) = preSolution
		HideSolutionNode = FALSE
	EndGlobalSection
	GlobalSection(ExtensibilityGlobals) = postSolution
		SolutionGuid = {63A9A1F8-9A69-4846-A61B-786FC6886BFC}
	EndGlobalSection
EndGlobal
